# THIS IS AN AUTOGENERATED FILE. DO NOT EDIT THIS FILE DIRECTLY.
# yarn lockfile v1


hoist-non-react-statics@^2.1.1:
  version "2.5.5"
  resolved "https://registry.yarnpkg.com/hoist-non-react-statics/-/hoist-non-react-statics-2.5.5.tgz#c5903cf409c0dfd908f388e619d86b9c1174cb47"
  integrity sha512-rqcy4pJo55FTTLWt+bU8ukscqHeE/e9KWvsOW2b/a3afxQZhwkQdT1rPPCJ0rYXdj4vNcasY8zHTH+jF/qStxw==

react-click-outside@^3.0.1:
  version "3.0.1"
  resolved "https://registry.yarnpkg.com/react-click-outside/-/react-click-outside-3.0.1.tgz#6e77e84d2f17afaaac26dbad743cbbf909f5e24c"
  integrity sha512-d0KWFvBt+esoZUF15rL2UBB7jkeAqLU8L/Ny35oLK6fW6mIbOv/ChD+ExF4sR9PD26kVx+9hNfD0FTIqRZEyRQ==
  dependencies:
    hoist-non-react-statics "^2.1.1"
